
Microsoft Visual Studio Solution File, Format Version 12.00
# Visual Studio 15
VisualStudioVersion = 15.0.26124.0
MinimumVisualStudioVersion = 15.0.26124.0
Project("{FAE04EC0-301F-11D3-BF4B-00C04F79EFBC}") = "Transform.Tests", "Transform.Tests\Transform.Tests.csproj", "{1FF9A1E8-CD02-4DFA-9A7D-B42F0E5A0CAF}"
EndProject
Project("{FAE04EC0-301F-11D3-BF4B-00C04F79EFBC}") = "Transform", "Transform\Transform.csproj", "{F596F24B-EFC2-4C8F-98E3-2BA3A6A4FC80}"
EndProject
Global
	GlobalSection(SolutionConfigurationPlatforms) = preSolution
		Debug|Any CPU = Debug|Any CPU
		Debug|x64 = Debug|x64
		Debug|x86 = Debug|x86
		Release|Any CPU = Release|Any CPU
		Release|x64 = Release|x64
		Release|x86 = Release|x86
	EndGlobalSection
	GlobalSection(SolutionProperties) = preSolution
		HideSolutionNode = FALSE
	EndGlobalSection
	GlobalSection(ProjectConfigurationPlatforms) = postSolution
		{1FF9A1E8-CD02-4DFA-9A7D-B42F0E5A0CAF}.Debug|Any CPU.ActiveCfg = Debug|Any CPU
		{1FF9A1E8-CD02-4DFA-9A7D-B42F0E5A0CAF}.Debug|Any CPU.Build.0 = Debug|Any CPU
		{1FF9A1E8-CD02-4DFA-9A7D-B42F0E5A0CAF}.Debug|x64.ActiveCfg = Debug|Any CPU
		{1FF9A1E8-CD02-4DFA-9A7D-B42F0E5A0CAF}.Debug|x64.Build.0 = Debug|Any CPU
		{1FF9A1E8-CD02-4DFA-9A7D-B42F0E5A0CAF}.Debug|x86.ActiveCfg = Debug|Any CPU
		{1FF9A1E8-CD02-4DFA-9A7D-B42F0E5A0CAF}.Debug|x86.Build.0 = Debug|Any CPU
		{1FF9A1E8-CD02-4DFA-9A7D-B42F0E5A0CAF}.Release|Any CPU.ActiveCfg = Release|Any CPU
		{1FF9A1E8-CD02-4DFA-9A7D-B42F0E5A0CAF}.Release|Any CPU.Build.0 = Release|Any CPU
		{1FF9A1E8-CD02-4DFA-9A7D-B42F0E5A0CAF}.Release|x64.ActiveCfg = Release|Any CPU
		{1FF9A1E8-CD02-4DFA-9A7D-B42F0E5A0CAF}.Release|x64.Build.0 = Release|Any CPU
		{1FF9A1E8-CD02-4DFA-9A7D-B42F0E5A0CAF}.Release|x86.ActiveCfg = Release|Any CPU
		{1FF9A1E8-CD02-4DFA-9A7D-B42F0E5A0CAF}.Release|x86.Build.0 = Release|Any CPU
		{F596F24B-EFC2-4C8F-98E3-2BA3A6A4FC80}.Debug|Any CPU.ActiveCfg = Debug|Any CPU
		{F596F24B-EFC2-4C8F-98E3-2BA3A6A4FC80}.Debug|Any CPU.Build.0 = Debug|Any CPU
		{F596F24B-EFC2-4C8F-98E3-2BA3A6A4FC80}.Debug|x64.ActiveCfg = Debug|Any CPU
		{F596F24B-EFC2-4C8F-98E3-2BA3A6A4FC80}.Debug|x64.Build.0 = Debug|Any CPU
		{F596F24B-EFC2-4C8F-98E3-2BA3A6A4FC80}.Debug|x86.ActiveCfg = Debug|Any CPU
		{F596F24B-EFC2-4C8F-98E3-2BA3A6A4FC80}.Debug|x86.Build.0 = Debug|Any CPU
		{F596F24B-EFC2-4C8F-98E3-2BA3A6A4FC80}.Release|Any CPU.ActiveCfg = Release|Any CPU
		{F596F24B-EFC2-4C8F-98E3-2BA3A6A4FC80}.Release|Any CPU.Build.0 = Release|Any CPU
		{F596F24B-EFC2-4C8F-98E3-2BA3A6A4FC80}.Release|x64.ActiveCfg = Release|Any CPU
		{F596F24B-EFC2-4C8F-98E3-2BA3A6A4FC80}.Release|x64.Build.0 = Release|Any CPU
		{F596F24B-EFC2-4C8F-98E3-2BA3A6A4FC80}.Release|x86.ActiveCfg = Release|Any CPU
		{F596F24B-EFC2-4C8F-98E3-2BA3A6A4FC80}.Release|x86.Build.0 = Release|Any CPU
	EndGlobalSection
EndGlobal
